// !$*UTF8*$!
{
	archiveVersion = 1;
	classes = {
	};
	objectVersion = 56;
	objects = {

/* Begin PBXBuildFile section */
		A36347B62CD807EE003B5322 /* UIView+.swift in Sources */ = {isa = PBXBuildFile; fileRef = A36347B52CD807EE003B5322 /* UIView+.swift */; };
		A363483C2CE33E3C003B5322 /* LoginView.swift in Sources */ = {isa = PBXBuildFile; fileRef = A363483B2CE33E3C003B5322 /* LoginView.swift */; };
		A363483E2CE33E45003B5322 /* LoginViewController.swift in Sources */ = {isa = PBXBuildFile; fileRef = A363483D2CE33E45003B5322 /* LoginViewController.swift */; };
		A36348422CE33E89003B5322 /* CustomTextField.swift in Sources */ = {isa = PBXBuildFile; fileRef = A36348412CE33E89003B5322 /* CustomTextField.swift */; };
		A36348442CE33EA8003B5322 /* UITextField+.swift in Sources */ = {isa = PBXBuildFile; fileRef = A36348432CE33EA8003B5322 /* UITextField+.swift */; };
		A3E82F842CD7DB900070DDC8 /* AppDelegate.swift in Sources */ = {isa = PBXBuildFile; fileRef = A3E82F832CD7DB900070DDC8 /* AppDelegate.swift */; };
		A3E82F862CD7DB900070DDC8 /* SceneDelegate.swift in Sources */ = {isa = PBXBuildFile; fileRef = A3E82F852CD7DB900070DDC8 /* SceneDelegate.swift */; };
		A3E82F882CD7DB900070DDC8 /* ViewController.swift in Sources */ = {isa = PBXBuildFile; fileRef = A3E82F872CD7DB900070DDC8 /* ViewController.swift */; };
		A3E82F8B2CD7DB900070DDC8 /* Base in Resources */ = {isa = PBXBuildFile; fileRef = A3E82F8A2CD7DB900070DDC8 /* Base */; };
		A3E82F8D2CD7DB930070DDC8 /* Assets.xcassets in Resources */ = {isa = PBXBuildFile; fileRef = A3E82F8C2CD7DB930070DDC8 /* Assets.xcassets */; };
		A3E82F902CD7DB930070DDC8 /* Base in Resources */ = {isa = PBXBuildFile; fileRef = A3E82F8F2CD7DB930070DDC8 /* Base */; };
		A3E82F9C2CD7DE460070DDC8 /* SnapKit in Frameworks */ = {isa = PBXBuildFile; productRef = A3E82F9B2CD7DE460070DDC8 /* SnapKit */; };
		A3E82F9F2CD7DE510070DDC8 /* Then in Frameworks */ = {isa = PBXBuildFile; productRef = A3E82F9E2CD7DE510070DDC8 /* Then */; };
		A3E82FA22CD7DF700070DDC8 /* RxCocoa in Frameworks */ = {isa = PBXBuildFile; productRef = A3E82FA12CD7DF700070DDC8 /* RxCocoa */; };
/* End PBXBuildFile section */

/* Begin PBXFileReference section */
		A36347B52CD807EE003B5322 /* UIView+.swift */ = {isa = PBXFileReference; lastKnownFileType = sourcecode.swift; path = "UIView+.swift"; sourceTree = "<group>"; };
		A363483B2CE33E3C003B5322 /* LoginView.swift */ = {isa = PBXFileReference; lastKnownFileType = sourcecode.swift; path = LoginView.swift; sourceTree = "<group>"; };
		A363483D2CE33E45003B5322 /* LoginViewController.swift */ = {isa = PBXFileReference; lastKnownFileType = sourcecode.swift; path = LoginViewController.swift; sourceTree = "<group>"; };
		A36348412CE33E89003B5322 /* CustomTextField.swift */ = {isa = PBXFileReference; lastKnownFileType = sourcecode.swift; path = CustomTextField.swift; sourceTree = "<group>"; };
		A36348432CE33EA8003B5322 /* UITextField+.swift */ = {isa = PBXFileReference; lastKnownFileType = sourcecode.swift; path = "UITextField+.swift"; sourceTree = "<group>"; };
		A3E82F802CD7DB900070DDC8 /* Rx-Study.app */ = {isa = PBXFileReference; explicitFileType = wrapper.application; includeInIndex = 0; path = "Rx-Study.app"; sourceTree = BUILT_PRODUCTS_DIR; };
		A3E82F832CD7DB900070DDC8 /* AppDelegate.swift */ = {isa = PBXFileReference; lastKnownFileType = sourcecode.swift; path = AppDelegate.swift; sourceTree = "<group>"; };
		A3E82F852CD7DB900070DDC8 /* SceneDelegate.swift */ = {isa = PBXFileReference; lastKnownFileType = sourcecode.swift; path = SceneDelegate.swift; sourceTree = "<group>"; };
		A3E82F872CD7DB900070DDC8 /* ViewController.swift */ = {isa = PBXFileReference; lastKnownFileType = sourcecode.swift; path = ViewController.swift; sourceTree = "<group>"; };
		A3E82F8A2CD7DB900070DDC8 /* Base */ = {isa = PBXFileReference; lastKnownFileType = file.storyboard; name = Base; path = Base.lproj/Main.storyboard; sourceTree = "<group>"; };
		A3E82F8C2CD7DB930070DDC8 /* Assets.xcassets */ = {isa = PBXFileReference; lastKnownFileType = folder.assetcatalog; path = Assets.xcassets; sourceTree = "<group>"; };
		A3E82F8F2CD7DB930070DDC8 /* Base */ = {isa = PBXFileReference; lastKnownFileType = file.storyboard; name = Base; path = Base.lproj/LaunchScreen.storyboard; sourceTree = "<group>"; };
		A3E82F912CD7DB930070DDC8 /* Info.plist */ = {isa = PBXFileReference; lastKnownFileType = text.plist.xml; path = Info.plist; sourceTree = "<group>"; };
/* End PBXFileReference section */

/* Begin PBXFrameworksBuildPhase section */
		A3E82F7D2CD7DB900070DDC8 /* Frameworks */ = {
			isa = PBXFrameworksBuildPhase;
			buildActionMask = 2147483647;
			files = (
				A3E82FA22CD7DF700070DDC8 /* RxCocoa in Frameworks */,
				A3E82F9C2CD7DE460070DDC8 /* SnapKit in Frameworks */,
				A3E82F9F2CD7DE510070DDC8 /* Then in Frameworks */,
			);
			runOnlyForDeploymentPostprocessing = 0;
		};
/* End PBXFrameworksBuildPhase section */

/* Begin PBXGroup section */
		A36347B42CD807E1003B5322 /* Extension */ = {
			isa = PBXGroup;
			children = (
				A36347B52CD807EE003B5322 /* UIView+.swift */,
				A36348432CE33EA8003B5322 /* UITextField+.swift */,
			);
			path = Extension;
			sourceTree = "<group>";
		};
		A363483F2CE33E5E003B5322 /* Component */ = {
			isa = PBXGroup;
			children = (
				A36348412CE33E89003B5322 /* CustomTextField.swift */,
			);
			path = Component;
			sourceTree = "<group>";
		};
		A36348402CE33E66003B5322 /* Login */ = {
			isa = PBXGroup;
			children = (
				A363483B2CE33E3C003B5322 /* LoginView.swift */,
				A363483D2CE33E45003B5322 /* LoginViewController.swift */,
			);
			path = Login;
			sourceTree = "<group>";
		};
		A3E82F772CD7DB900070DDC8 = {
			isa = PBXGroup;
			children = (
				A3E82F822CD7DB900070DDC8 /* Rx-Study */,
				A3E82F812CD7DB900070DDC8 /* Products */,
			);
			sourceTree = "<group>";
		};
		A3E82F812CD7DB900070DDC8 /* Products */ = {
			isa = PBXGroup;
			children = (
				A3E82F802CD7DB900070DDC8 /* Rx-Study.app */,
			);
			name = Products;
			sourceTree = "<group>";
		};
		A3E82F822CD7DB900070DDC8 /* Rx-Study */ = {
			isa = PBXGroup;
			children = (
				A3E82F972CD7DCAC0070DDC8 /* Application */,
				A3E82F982CD7DCB40070DDC8 /* Resource */,
				A3E82F992CD7DCCC0070DDC8 /* Presentation */,
			);
			path = "Rx-Study";
			sourceTree = "<group>";
		};
		A3E82F972CD7DCAC0070DDC8 /* Application */ = {
			isa = PBXGroup;
			children = (
				A3E82F832CD7DB900070DDC8 /* AppDelegate.swift */,
				A3E82F852CD7DB900070DDC8 /* SceneDelegate.swift */,
			);
			path = Application;
			sourceTree = "<group>";
		};
		A3E82F982CD7DCB40070DDC8 /* Resource */ = {
			isa = PBXGroup;
			children = (
				A363483F2CE33E5E003B5322 /* Component */,
				A36347B42CD807E1003B5322 /* Extension */,
				A3E82F892CD7DB900070DDC8 /* Main.storyboard */,
				A3E82F8E2CD7DB930070DDC8 /* LaunchScreen.storyboard */,
				A3E82F8C2CD7DB930070DDC8 /* Assets.xcassets */,
				A3E82F912CD7DB930070DDC8 /* Info.plist */,
			);
			path = Resource;
			sourceTree = "<group>";
		};
		A3E82F992CD7DCCC0070DDC8 /* Presentation */ = {
			isa = PBXGroup;
			children = (
				A36348402CE33E66003B5322 /* Login */,
				A3E82F872CD7DB900070DDC8 /* ViewController.swift */,
			);
			path = Presentation;
			sourceTree = "<group>";
		};
/* End PBXGroup section */

/* Begin PBXNativeTarget section */
		A3E82F7F2CD7DB900070DDC8 /* Rx-Study */ = {
			isa = PBXNativeTarget;
			buildConfigurationList = A3E82F942CD7DB940070DDC8 /* Build configuration list for PBXNativeTarget "Rx-Study" */;
			buildPhases = (
				A3E82F7C2CD7DB900070DDC8 /* Sources */,
				A3E82F7D2CD7DB900070DDC8 /* Frameworks */,
				A3E82F7E2CD7DB900070DDC8 /* Resources */,
			);
			buildRules = (
			);
			dependencies = (
			);
			name = "Rx-Study";
			packageProductDependencies = (
				A3E82F9B2CD7DE460070DDC8 /* SnapKit */,
				A3E82F9E2CD7DE510070DDC8 /* Then */,
				A3E82FA12CD7DF700070DDC8 /* RxCocoa */,
			);
			productName = "Rx-Study";
			productReference = A3E82F802CD7DB900070DDC8 /* Rx-Study.app */;
			productType = "com.apple.product-type.application";
		};
/* End PBXNativeTarget section */

/* Begin PBXProject section */
		A3E82F782CD7DB900070DDC8 /* Project object */ = {
			isa = PBXProject;
			attributes = {
				BuildIndependentTargetsInParallel = 1;
				LastSwiftUpdateCheck = 1540;
				LastUpgradeCheck = 1540;
				TargetAttributes = {
					A3E82F7F2CD7DB900070DDC8 = {
						CreatedOnToolsVersion = 15.4;
					};
				};
			};
			buildConfigurationList = A3E82F7B2CD7DB900070DDC8 /* Build configuration list for PBXProject "Rx-Study" */;
			compatibilityVersion = "Xcode 14.0";
			developmentRegion = en;
			hasScannedForEncodings = 0;
			knownRegions = (
				en,
				Base,
			);
			mainGroup = A3E82F772CD7DB900070DDC8;
			packageReferences = (
				A3E82F9A2CD7DE460070DDC8 /* XCRemoteSwiftPackageReference "SnapKit" */,
				A3E82F9D2CD7DE510070DDC8 /* XCRemoteSwiftPackageReference "Then" */,
				A3E82FA02CD7DF700070DDC8 /* XCRemoteSwiftPackageReference "RxSwift" */,
			);
			productRefGroup = A3E82F812CD7DB900070DDC8 /* Products */;
			projectDirPath = "";
			projectRoot = "";
			targets = (
				A3E82F7F2CD7DB900070DDC8 /* Rx-Study */,
			);
		};
/* End PBXProject section */

/* Begin PBXResourcesBuildPhase section */
		A3E82F7E2CD7DB900070DDC8 /* Resources */ = {
			isa = PBXResourcesBuildPhase;
			buildActionMask = 2147483647;
			files = (
				A3E82F8D2CD7DB930070DDC8 /* Assets.xcassets in Resources */,
				A3E82F902CD7DB930070DDC8 /* Base in Resources */,
				A3E82F8B2CD7DB900070DDC8 /* Base in Resources */,
			);
			runOnlyForDeploymentPostprocessing = 0;
		};
/* End PBXResourcesBuildPhase section */

/* Begin PBXSourcesBuildPhase section */
		A3E82F7C2CD7DB900070DDC8 /* Sources */ = {
			isa = PBXSourcesBuildPhase;
			buildActionMask = 2147483647;
			files = (
				A36348422CE33E89003B5322 /* CustomTextField.swift in Sources */,
				A363483E2CE33E45003B5322 /* LoginViewController.swift in Sources */,
				A36347B62CD807EE003B5322 /* UIView+.swift in Sources */,
				A3E82F882CD7DB900070DDC8 /* ViewController.swift in Sources */,
				A3E82F842CD7DB900070DDC8 /* AppDelegate.swift in Sources */,
				A363483C2CE33E3C003B5322 /* LoginView.swift in Sources */,
				A3E82F862CD7DB900070DDC8 /* SceneDelegate.swift in Sources */,
				A36348442CE33EA8003B5322 /* UITextField+.swift in Sources */,
			);
			runOnlyForDeploymentPostprocessing = 0;
		};
/* End PBXSourcesBuildPhase section */

/* Begin PBXVariantGroup section */
		A3E82F892CD7DB900070DDC8 /* Main.storyboard */ = {
			isa = PBXVariantGroup;
			children = (
				A3E82F8A2CD7DB900070DDC8 /* Base */,
			);
			name = Main.storyboard;
			sourceTree = "<group>";
		};
		A3E82F8E2CD7DB930070DDC8 /* LaunchScreen.storyboard */ = {
			isa = PBXVariantGroup;
			children = (
				A3E82F8F2CD7DB930070DDC8 /* Base */,
			);
			name = LaunchScreen.storyboard;
			sourceTree = "<group>";
		};
/* End PBXVariantGroup section */

/* Begin XCBuildConfiguration section */
		A3E82F922CD7DB930070DDC8 /* Debug */ = {
			isa = XCBuildConfiguration;
			buildSettings = {
				ALWAYS_SEARCH_USER_PATHS = NO;
				ASSETCATALOG_COMPILER_GENERATE_SWIFT_ASSET_SYMBOL_EXTENSIONS = YES;
				CLANG_ANALYZER_NONNULL = YES;
				CLANG_ANALYZER_NUMBER_OBJECT_CONVERSION = YES_AGGRESSIVE;
				CLANG_CXX_LANGUAGE_STANDARD = "gnu++20";
				CLANG_ENABLE_MODULES = YES;
				CLANG_ENABLE_OBJC_ARC = YES;
				CLANG_ENABLE_OBJC_WEAK = YES;
				CLANG_WARN_BLOCK_CAPTURE_AUTORELEASING = YES;
				CLANG_WARN_BOOL_CONVERSION = YES;
				CLANG_WARN_COMMA = YES;
				CLANG_WARN_CONSTANT_CONVERSION = YES;
				CLANG_WARN_DEPRECATED_OBJC_IMPLEMENTATIONS = YES;
				CLANG_WARN_DIRECT_OBJC_ISA_USAGE = YES_ERROR;
				CLANG_WARN_DOCUMENTATION_COMMENTS = YES;
				CLANG_WARN_EMPTY_BODY = YES;
				CLANG_WARN_ENUM_CONVERSION = YES;
				CLANG_WARN_INFINITE_RECURSION = YES;
				CLANG_WARN_INT_CONVERSION = YES;
				CLANG_WARN_NON_LITERAL_NULL_CONVERSION = YES;
				CLANG_WARN_OBJC_IMPLICIT_RETAIN_SELF = YES;
				CLANG_WARN_OBJC_LITERAL_CONVERSION = YES;
				CLANG_WARN_OBJC_ROOT_CLASS = YES_ERROR;
				CLANG_WARN_QUOTED_INCLUDE_IN_FRAMEWORK_HEADER = YES;
				CLANG_WARN_RANGE_LOOP_ANALYSIS = YES;
				CLANG_WARN_STRICT_PROTOTYPES = YES;
				CLANG_WARN_SUSPICIOUS_MOVE = YES;
				CLANG_WARN_UNGUARDED_AVAILABILITY = YES_AGGRESSIVE;
				CLANG_WARN_UNREACHABLE_CODE = YES;
				CLANG_WARN__DUPLICATE_METHOD_MATCH = YES;
				COPY_PHASE_STRIP = NO;
				DEBUG_INFORMATION_FORMAT = dwarf;
				ENABLE_STRICT_OBJC_MSGSEND = YES;
				ENABLE_TESTABILITY = YES;
				ENABLE_USER_SCRIPT_SANDBOXING = YES;
				GCC_C_LANGUAGE_STANDARD = gnu17;
				GCC_DYNAMIC_NO_PIC = NO;
				GCC_NO_COMMON_BLOCKS = YES;
				GCC_OPTIMIZATION_LEVEL = 0;
				GCC_PREPROCESSOR_DEFINITIONS = (
					"DEBUG=1",
					"$(inherited)",
				);
				GCC_WARN_64_TO_32_BIT_CONVERSION = YES;
				GCC_WARN_ABOUT_RETURN_TYPE = YES_ERROR;
				GCC_WARN_UNDECLARED_SELECTOR = YES;
				GCC_WARN_UNINITIALIZED_AUTOS = YES_AGGRESSIVE;
				GCC_WARN_UNUSED_FUNCTION = YES;
				GCC_WARN_UNUSED_VARIABLE = YES;
				IPHONEOS_DEPLOYMENT_TARGET = 17.5;
				LOCALIZATION_PREFERS_STRING_CATALOGS = YES;
				MTL_ENABLE_DEBUG_INFO = INCLUDE_SOURCE;
				MTL_FAST_MATH = YES;
				ONLY_ACTIVE_ARCH = YES;
				SDKROOT = iphoneos;
				SWIFT_ACTIVE_COMPILATION_CONDITIONS = "DEBUG $(inherited)";
				SWIFT_OPTIMIZATION_LEVEL = "-Onone";
			};
			name = Debug;
		};
		A3E82F932CD7DB930070DDC8 /* Release */ = {
			isa = XCBuildConfiguration;
			buildSettings = {
				ALWAYS_SEARCH_USER_PATHS = NO;
				ASSETCATALOG_COMPILER_GENERATE_SWIFT_ASSET_SYMBOL_EXTENSIONS = YES;
				CLANG_ANALYZER_NONNULL = YES;
				CLANG_ANALYZER_NUMBER_OBJECT_CONVERSION = YES_AGGRESSIVE;
				CLANG_CXX_LANGUAGE_STANDARD = "gnu++20";
				CLANG_ENABLE_MODULES = YES;
				CLANG_ENABLE_OBJC_ARC = YES;
				CLANG_ENABLE_OBJC_WEAK = YES;
				CLANG_WARN_BLOCK_CAPTURE_AUTORELEASING = YES;
				CLANG_WARN_BOOL_CONVERSION = YES;
				CLANG_WARN_COMMA = YES;
				CLANG_WARN_CONSTANT_CONVERSION = YES;
				CLANG_WARN_DEPRECATED_OBJC_IMPLEMENTATIONS = YES;
				CLANG_WARN_DIRECT_OBJC_ISA_USAGE = YES_ERROR;
				CLANG_WARN_DOCUMENTATION_COMMENTS = YES;
				CLANG_WARN_EMPTY_BODY = YES;
				CLANG_WARN_ENUM_CONVERSION = YES;
				CLANG_WARN_INFINITE_RECURSION = YES;
				CLANG_WARN_INT_CONVERSION = YES;
				CLANG_WARN_NON_LITERAL_NULL_CONVERSION = YES;
				CLANG_WARN_OBJC_IMPLICIT_RETAIN_SELF = YES;
				CLANG_WARN_OBJC_LITERAL_CONVERSION = YES;
				CLANG_WARN_OBJC_ROOT_CLASS = YES_ERROR;
				CLANG_WARN_QUOTED_INCLUDE_IN_FRAMEWORK_HEADER = YES;
				CLANG_WARN_RANGE_LOOP_ANALYSIS = YES;
				CLANG_WARN_STRICT_PROTOTYPES = YES;
				CLANG_WARN_SUSPICIOUS_MOVE = YES;
				CLANG_WARN_UNGUARDED_AVAILABILITY = YES_AGGRESSIVE;
				CLANG_WARN_UNREACHABLE_CODE = YES;
				CLANG_WARN__DUPLICATE_METHOD_MATCH = YES;
				COPY_PHASE_STRIP = NO;
				DEBUG_INFORMATION_FORMAT = "dwarf-with-dsym";
				ENABLE_NS_ASSERTIONS = NO;
				ENABLE_STRICT_OBJC_MSGSEND = YES;
				ENABLE_USER_SCRIPT_SANDBOXING = YES;
				GCC_C_LANGUAGE_STANDARD = gnu17;
				GCC_NO_COMMON_BLOCKS = YES;
				GCC_WARN_64_TO_32_BIT_CONVERSION = YES;
				GCC_WARN_ABOUT_RETURN_TYPE = YES_ERROR;
				GCC_WARN_UNDECLARED_SELECTOR = YES;
				GCC_WARN_UNINITIALIZED_AUTOS = YES_AGGRESSIVE;
				GCC_WARN_UNUSED_FUNCTION = YES;
				GCC_WARN_UNUSED_VARIABLE = YES;
				IPHONEOS_DEPLOYMENT_TARGET = 17.5;
				LOCALIZATION_PREFERS_STRING_CATALOGS = YES;
				MTL_ENABLE_DEBUG_INFO = NO;
				MTL_FAST_MATH = YES;
				SDKROOT = iphoneos;
				SWIFT_COMPILATION_MODE = wholemodule;
				VALIDATE_PRODUCT = YES;
			};
			name = Release;
		};
		A3E82F952CD7DB940070DDC8 /* Debug */ = {
			isa = XCBuildConfiguration;
			buildSettings = {
				ASSETCATALOG_COMPILER_APPICON_NAME = AppIcon;
				ASSETCATALOG_COMPILER_GLOBAL_ACCENT_COLOR_NAME = AccentColor;
				CODE_SIGN_STYLE = Automatic;
				CURRENT_PROJECT_VERSION = 1;
				DEVELOPMENT_TEAM = U4M8QWP7V2;
				GENERATE_INFOPLIST_FILE = YES;
				INFOPLIST_FILE = "Rx-Study/Resource/Info.plist";
				INFOPLIST_KEY_UIApplicationSupportsIndirectInputEvents = YES;
				INFOPLIST_KEY_UILaunchStoryboardName = LaunchScreen;
				INFOPLIST_KEY_UIMainStoryboardFile = Main;
				INFOPLIST_KEY_UISupportedInterfaceOrientations_iPad = "UIInterfaceOrientationPortrait UIInterfaceOrientationPortraitUpsideDown UIInterfaceOrientationLandscapeLeft UIInterfaceOrientationLandscapeRight";
				INFOPLIST_KEY_UISupportedInterfaceOrientations_iPhone = "UIInterfaceOrientationPortrait UIInterfaceOrientationLandscapeLeft UIInterfaceOrientationLandscapeRight";
				LD_RUNPATH_SEARCH_PATHS = (
					"$(inherited)",
					"@executable_path/Frameworks",
				);
				MARKETING_VERSION = 1.0;
				PRODUCT_BUNDLE_IDENTIFIER = "suyeon.Rx-Study";
				PRODUCT_NAME = "$(TARGET_NAME)";
				SWIFT_EMIT_LOC_STRINGS = YES;
				SWIFT_VERSION = 5.0;
				TARGETED_DEVICE_FAMILY = "1,2";
			};
			name = Debug;
		};
		A3E82F962CD7DB940070DDC8 /* Release */ = {
			isa = XCBuildConfiguration;
			buildSettings = {
				ASSETCATALOG_COMPILER_APPICON_NAME = AppIcon;
				ASSETCATALOG_COMPILER_GLOBAL_ACCENT_COLOR_NAME = AccentColor;
				CODE_SIGN_STYLE = Automatic;
				CURRENT_PROJECT_VERSION = 1;
				DEVELOPMENT_TEAM = U4M8QWP7V2;
				GENERATE_INFOPLIST_FILE = YES;
				INFOPLIST_FILE = "Rx-Study/Resource/Info.plist";
				INFOPLIST_KEY_UIApplicationSupportsIndirectInputEvents = YES;
				INFOPLIST_KEY_UILaunchStoryboardName = LaunchScreen;
				INFOPLIST_KEY_UIMainStoryboardFile = Main;
				INFOPLIST_KEY_UISupportedInterfaceOrientations_iPad = "UIInterfaceOrientationPortrait UIInterfaceOrientationPortraitUpsideDown UIInterfaceOrientationLandscapeLeft UIInterfaceOrientationLandscapeRight";
				INFOPLIST_KEY_UISupportedInterfaceOrientations_iPhone = "UIInterfaceOrientationPortrait UIInterfaceOrientationLandscapeLeft UIInterfaceOrientationLandscapeRight";
				LD_RUNPATH_SEARCH_PATHS = (
					"$(inherited)",
					"@executable_path/Frameworks",
				);
				MARKETING_VERSION = 1.0;
				PRODUCT_BUNDLE_IDENTIFIER = "suyeon.Rx-Study";
				PRODUCT_NAME = "$(TARGET_NAME)";
				SWIFT_EMIT_LOC_STRINGS = YES;
				SWIFT_VERSION = 5.0;
				TARGETED_DEVICE_FAMILY = "1,2";
			};
			name = Release;
		};
/* End XCBuildConfiguration section */

/* Begin XCConfigurationList section */
		A3E82F7B2CD7DB900070DDC8 /* Build configuration list for PBXProject "Rx-Study" */ = {
			isa = XCConfigurationList;
			buildConfigurations = (
				A3E82F922CD7DB930070DDC8 /* Debug */,
				A3E82F932CD7DB930070DDC8 /* Release */,
			);
			defaultConfigurationIsVisible = 0;
			defaultConfigurationName = Release;
		};
		A3E82F942CD7DB940070DDC8 /* Build configuration list for PBXNativeTarget "Rx-Study" */ = {
			isa = XCConfigurationList;
			buildConfigurations = (
				A3E82F952CD7DB940070DDC8 /* Debug */,
				A3E82F962CD7DB940070DDC8 /* Release */,
			);
			defaultConfigurationIsVisible = 0;
			defaultConfigurationName = Release;
		};
/* End XCConfigurationList section */

/* Begin XCRemoteSwiftPackageReference section */
		A3E82F9A2CD7DE460070DDC8 /* XCRemoteSwiftPackageReference "SnapKit" */ = {
			isa = XCRemoteSwiftPackageReference;
			repositoryURL = "https://github.com/SnapKit/SnapKit.git";
			requirement = {
				kind = upToNextMajorVersion;
				minimumVersion = 5.7.1;
			};
		};
		A3E82F9D2CD7DE510070DDC8 /* XCRemoteSwiftPackageReference "Then" */ = {
			isa = XCRemoteSwiftPackageReference;
			repositoryURL = "https://github.com/devxoul/Then";
			requirement = {
				kind = upToNextMajorVersion;
				minimumVersion = 3.0.0;
			};
		};
		A3E82FA02CD7DF700070DDC8 /* XCRemoteSwiftPackageReference "RxSwift" */ = {
			isa = XCRemoteSwiftPackageReference;
			repositoryURL = "https://github.com/ReactiveX/RxSwift";
			requirement = {
				kind = upToNextMajorVersion;
				minimumVersion = 6.8.0;
			};
		};
/* End XCRemoteSwiftPackageReference section */

/* Begin XCSwiftPackageProductDependency section */
		A3E82F9B2CD7DE460070DDC8 /* SnapKit */ = {
			isa = XCSwiftPackageProductDependency;
			package = A3E82F9A2CD7DE460070DDC8 /* XCRemoteSwiftPackageReference "SnapKit" */;
			productName = SnapKit;
		};
		A3E82F9E2CD7DE510070DDC8 /* Then */ = {
			isa = XCSwiftPackageProductDependency;
			package = A3E82F9D2CD7DE510070DDC8 /* XCRemoteSwiftPackageReference "Then" */;
			productName = Then;
		};
		A3E82FA12CD7DF700070DDC8 /* RxCocoa */ = {
			isa = XCSwiftPackageProductDependency;
			package = A3E82FA02CD7DF700070DDC8 /* XCRemoteSwiftPackageReference "RxSwift" */;
			productName = RxCocoa;
		};
/* End XCSwiftPackageProductDependency section */
	};
	rootObject = A3E82F782CD7DB900070DDC8 /* Project object */;
}
